
Microsoft Visual Studio Solution File, Format Version 12.00
Project("{2150E333-8FDC-42A3-9474-1A3956D46DE8}") = "Tests", "Tests", "{EC4AA5EB-FE90-4B4B-AA49-EE84F3180E33}"
EndProject
Project("{2150E333-8FDC-42A3-9474-1A3956D46DE8}") = "Common", "Common", "{2D645B04-4A26-4768-8277-606514255282}"
EndProject
Project("{FAE04EC0-301F-11D3-BF4B-00C04F79EFBC}") = "AutoMapper.Contracts", "AutoMapper.Contracts\AutoMapper.Contracts.csproj", "{17B046D9-F405-47B0-8C22-CF63C9F0BC24}"
EndProject
Project("{FAE04EC0-301F-11D3-BF4B-00C04F79EFBC}") = "AutoMapper.Domain", "Common\AutoMapper.Domain\AutoMapper.Domain.csproj", "{3E8D5F95-6C09-4222-89F3-3D93B706E16C}"
EndProject
Project("{FAE04EC0-301F-11D3-BF4B-00C04F79EFBC}") = "AutoMapper12.UnitTests", "AutoMapper12.UnitTests\AutoMapper12.UnitTests.csproj", "{4736AC3B-5B43-43CB-B0B9-4D1647FFB821}"
EndProject
Project("{FAE04EC0-301F-11D3-BF4B-00C04F79EFBC}") = "AutoMapper13.UnitTests", "AutoMapper13.UnitTests\AutoMapper13.UnitTests.csproj", "{98055566-AD28-4BD0-B9F7-31A9294E59C3}"
EndProject
Global
	GlobalSection(SolutionConfigurationPlatforms) = preSolution
		Debug|Any CPU = Debug|Any CPU
		Release|Any CPU = Release|Any CPU
	EndGlobalSection
	GlobalSection(ProjectConfigurationPlatforms) = postSolution
		{17B046D9-F405-47B0-8C22-CF63C9F0BC24}.Debug|Any CPU.ActiveCfg = Debug|Any CPU
		{17B046D9-F405-47B0-8C22-CF63C9F0BC24}.Debug|Any CPU.Build.0 = Debug|Any CPU
		{17B046D9-F405-47B0-8C22-CF63C9F0BC24}.Release|Any CPU.ActiveCfg = Release|Any CPU
		{17B046D9-F405-47B0-8C22-CF63C9F0BC24}.Release|Any CPU.Build.0 = Release|Any CPU
		{3E8D5F95-6C09-4222-89F3-3D93B706E16C}.Debug|Any CPU.ActiveCfg = Debug|Any CPU
		{3E8D5F95-6C09-4222-89F3-3D93B706E16C}.Debug|Any CPU.Build.0 = Debug|Any CPU
		{3E8D5F95-6C09-4222-89F3-3D93B706E16C}.Release|Any CPU.ActiveCfg = Release|Any CPU
		{3E8D5F95-6C09-4222-89F3-3D93B706E16C}.Release|Any CPU.Build.0 = Release|Any CPU
		{4736AC3B-5B43-43CB-B0B9-4D1647FFB821}.Debug|Any CPU.ActiveCfg = Debug|Any CPU
		{4736AC3B-5B43-43CB-B0B9-4D1647FFB821}.Debug|Any CPU.Build.0 = Debug|Any CPU
		{4736AC3B-5B43-43CB-B0B9-4D1647FFB821}.Release|Any CPU.ActiveCfg = Release|Any CPU
		{4736AC3B-5B43-43CB-B0B9-4D1647FFB821}.Release|Any CPU.Build.0 = Release|Any CPU
		{98055566-AD28-4BD0-B9F7-31A9294E59C3}.Debug|Any CPU.ActiveCfg = Debug|Any CPU
		{98055566-AD28-4BD0-B9F7-31A9294E59C3}.Debug|Any CPU.Build.0 = Debug|Any CPU
		{98055566-AD28-4BD0-B9F7-31A9294E59C3}.Release|Any CPU.ActiveCfg = Release|Any CPU
		{98055566-AD28-4BD0-B9F7-31A9294E59C3}.Release|Any CPU.Build.0 = Release|Any CPU
	EndGlobalSection
	GlobalSection(NestedProjects) = preSolution
		{17B046D9-F405-47B0-8C22-CF63C9F0BC24} = {2D645B04-4A26-4768-8277-606514255282}
		{3E8D5F95-6C09-4222-89F3-3D93B706E16C} = {2D645B04-4A26-4768-8277-606514255282}
		{4736AC3B-5B43-43CB-B0B9-4D1647FFB821} = {EC4AA5EB-FE90-4B4B-AA49-EE84F3180E33}
		{98055566-AD28-4BD0-B9F7-31A9294E59C3} = {EC4AA5EB-FE90-4B4B-AA49-EE84F3180E33}
	EndGlobalSection
EndGlobal
